
Microsoft Visual Studio Solution File, Format Version 12.00
# Visual Studio Version 17
VisualStudioVersion = 17.4.33122.133
MinimumVisualStudioVersion = 10.0.40219.1
Project("{FAE04EC0-301F-11D3-BF4B-00C04F79EFBC}") = "Calculator", "Calculator\Calculator.csproj", "{815C8469-7AEF-474A-BA7D-FFE1A4C8D485}"
EndProject
Global
	GlobalSection(SolutionConfigurationPlatforms) = preSolution
		Debug|Any CPU = Debug|Any CPU
		Release|Any CPU = Release|Any CPU
	EndGlobalSection
	GlobalSection(ProjectConfigurationPlatforms) = postSolution
		{815C8469-7AEF-474A-BA7D-FFE1A4C8D485}.Debug|Any CPU.ActiveCfg = Debug|Any CPU
		{815C8469-7AEF-474A-BA7D-FFE1A4C8D485}.Debug|Any CPU.Build.0 = Debug|Any CPU
		{815C8469-7AEF-474A-BA7D-FFE1A4C8D485}.Release|Any CPU.ActiveCfg = Release|Any CPU
		{815C8469-7AEF-474A-BA7D-FFE1A4C8D485}.Release|Any CPU.Build.0 = Release|Any CPU
	EndGlobalSection
	GlobalSection(SolutionProperties) = preSolution
		HideSolutionNode = FALSE
	EndGlobalSection
	GlobalSection(ExtensibilityGlobals) = postSolution
		SolutionGuid = {40FC52C4-FA02-4E29-BD13-B574B8455078}
	EndGlobalSection
EndGlobal
